
Microsoft Visual Studio Solution File, Format Version 12.00
# Visual Studio Version 17
VisualStudioVersion = 17.9.34714.143
MinimumVisualStudioVersion = 10.0.40219.1
Project("{9A19103F-16F7-4668-BE54-9A1E7A4F7556}") = "eventanalyser", "eventanalyser.csproj", "{0FC73188-4CD7-4B5D-A8D0-A26CBD602DA3}"
EndProject
Project("{9A19103F-16F7-4668-BE54-9A1E7A4F7556}") = "eventanalyser.tests", "..\eventanalyser.tests\eventanalyser.tests.csproj", "{63898251-6CFF-4083-9B7E-4822F707835F}"
EndProject
Project("{2150E333-8FDC-42A3-9474-1A3956D46DE8}") = "tests", "tests", "{686BCBE5-F756-4F96-A68A-7540C201D0BA}"
EndProject
Global
	GlobalSection(SolutionConfigurationPlatforms) = preSolution
		Debug|Any CPU = Debug|Any CPU
		Release|Any CPU = Release|Any CPU
	EndGlobalSection
	GlobalSection(ProjectConfigurationPlatforms) = postSolution
		{0FC73188-4CD7-4B5D-A8D0-A26CBD602DA3}.Debug|Any CPU.ActiveCfg = Debug|Any CPU
		{0FC73188-4CD7-4B5D-A8D0-A26CBD602DA3}.Debug|Any CPU.Build.0 = Debug|Any CPU
		{0FC73188-4CD7-4B5D-A8D0-A26CBD602DA3}.Release|Any CPU.ActiveCfg = Release|Any CPU
		{0FC73188-4CD7-4B5D-A8D0-A26CBD602DA3}.Release|Any CPU.Build.0 = Release|Any CPU
		{63898251-6CFF-4083-9B7E-4822F707835F}.Debug|Any CPU.ActiveCfg = Debug|Any CPU
		{63898251-6CFF-4083-9B7E-4822F707835F}.Debug|Any CPU.Build.0 = Debug|Any CPU
		{63898251-6CFF-4083-9B7E-4822F707835F}.Release|Any CPU.ActiveCfg = Release|Any CPU
		{63898251-6CFF-4083-9B7E-4822F707835F}.Release|Any CPU.Build.0 = Release|Any CPU
	EndGlobalSection
	GlobalSection(SolutionProperties) = preSolution
		HideSolutionNode = FALSE
	EndGlobalSection
	GlobalSection(NestedProjects) = preSolution
		{63898251-6CFF-4083-9B7E-4822F707835F} = {686BCBE5-F756-4F96-A68A-7540C201D0BA}
	EndGlobalSection
	GlobalSection(ExtensibilityGlobals) = postSolution
		SolutionGuid = {EC724AF8-8F03-4B94-A642-C675156888D8}
	EndGlobalSection
EndGlobal
